
Microsoft Visual Studio Solution File, Format Version 12.00
# Visual Studio Version 17
VisualStudioVersion = 17.10.35122.118
MinimumVisualStudioVersion = 10.0.40219.1
Project("{FAE04EC0-301F-11D3-BF4B-00C04F79EFBC}") = "web", "web\web.csproj", "{B3748CF0-1AEB-41F3-A770-ACE2F93D9F62}"
EndProject
Global
	GlobalSection(SolutionConfigurationPlatforms) = preSolution
		Debug|Any CPU = Debug|Any CPU
		Release|Any CPU = Release|Any CPU
	EndGlobalSection
	GlobalSection(ProjectConfigurationPlatforms) = postSolution
		{B3748CF0-1AEB-41F3-A770-ACE2F93D9F62}.Debug|Any CPU.ActiveCfg = Debug|Any CPU
		{B3748CF0-1AEB-41F3-A770-ACE2F93D9F62}.Debug|Any CPU.Build.0 = Debug|Any CPU
		{B3748CF0-1AEB-41F3-A770-ACE2F93D9F62}.Release|Any CPU.ActiveCfg = Release|Any CPU
		{B3748CF0-1AEB-41F3-A770-ACE2F93D9F62}.Release|Any CPU.Build.0 = Release|Any CPU
	EndGlobalSection
	GlobalSection(SolutionProperties) = preSolution
		HideSolutionNode = FALSE
	EndGlobalSection
	GlobalSection(ExtensibilityGlobals) = postSolution
		SolutionGuid = {8B66ACCA-8685-4157-BC13-AA3E231ADC71}
	EndGlobalSection
EndGlobal
